{
  "version": 4,
  "terraform_version": "1.0.11",
  "serial": 10,
  "lineage": "1e982d5e-9252-2c1a-3617-44692d236084",
  "outputs": {},
  "resources": [
    {
      "mode": "managed",
      "type": "google_compute_firewall",
      "name": "rules",
      "provider": "provider[\"registry.terraform.io/hashicorp/google\"]",
      "instances": [
        {
          "schema_version": 1,
          "attributes": {
            "allow": [
              {
                "ports": [
                  "80",
                  "8080",
                  "1000-2000"
                ],
                "protocol": "tcp"
              }
            ],
            "creation_timestamp": "2022-07-29T07:40:02.134-07:00",
            "deny": [],
            "description": "Creates firewall rule targeting tagged instances",
            "destination_ranges": [],
            "direction": "INGRESS",
            "disabled": false,
            "enable_logging": null,
            "id": "projects/solid-study-357016/global/firewalls/allow-http-firewall-rule",
            "log_config": [],
            "name": "allow-http-firewall-rule",
            "network": "https://www.googleapis.com/compute/v1/projects/solid-study-357016/global/networks/default",
            "priority": 1000,
            "project": "solid-study-357016",
            "self_link": "https://www.googleapis.com/compute/v1/projects/solid-study-357016/global/firewalls/allow-http-firewall-rule",
            "source_ranges": [
              "0.0.0.0/0"
            ],
            "source_service_accounts": null,
            "source_tags": null,
            "target_service_accounts": null,
            "target_tags": [
              "web"
            ],
            "timeouts": null
          },
          "sensitive_attributes": [],
          "private": "eyJlMmJmYjczMC1lY2FhLTExZTYtOGY4OC0zNDM2M2JjN2M0YzAiOnsiY3JlYXRlIjoxMjAwMDAwMDAwMDAwLCJkZWxldGUiOjEyMDAwMDAwMDAwMDAsInVwZGF0ZSI6MTIwMDAwMDAwMDAwMH0sInNjaGVtYV92ZXJzaW9uIjoiMSJ9"
        }
      ]
    },
    {
      "mode": "managed",
      "type": "google_project_service",
      "name": "app_engine_api",
      "provider": "provider[\"registry.terraform.io/hashicorp/google\"]",
      "instances": [
        {
          "schema_version": 0,
          "attributes": {
            "disable_dependent_services": true,
            "disable_on_destroy": true,
            "id": "solid-study-357016/appengine.googleapis.com",
            "project": "solid-study-357016",
            "service": "appengine.googleapis.com",
            "timeouts": null
          },
          "sensitive_attributes": [],
          "private": "eyJlMmJmYjczMC1lY2FhLTExZTYtOGY4OC0zNDM2M2JjN2M0YzAiOnsiY3JlYXRlIjoxMjAwMDAwMDAwMDAwLCJkZWxldGUiOjEyMDAwMDAwMDAwMDAsInJlYWQiOjYwMDAwMDAwMDAwMCwidXBkYXRlIjoxMjAwMDAwMDAwMDAwfX0=",
          "dependencies": [
            "google_project_service.cloud_manager_api"
          ]
        }
      ]
    },
    {
      "mode": "managed",
      "type": "google_project_service",
      "name": "cloud_manager_api",
      "provider": "provider[\"registry.terraform.io/hashicorp/google\"]",
      "instances": [
        {
          "schema_version": 0,
          "attributes": {
            "disable_dependent_services": true,
            "disable_on_destroy": true,
            "id": "solid-study-357016/cloudresourcemanager.googleapis.com",
            "project": "solid-study-357016",
            "service": "cloudresourcemanager.googleapis.com",
            "timeouts": null
          },
          "sensitive_attributes": [],
          "private": "eyJlMmJmYjczMC1lY2FhLTExZTYtOGY4OC0zNDM2M2JjN2M0YzAiOnsiY3JlYXRlIjoxMjAwMDAwMDAwMDAwLCJkZWxldGUiOjEyMDAwMDAwMDAwMDAsInJlYWQiOjYwMDAwMDAwMDAwMCwidXBkYXRlIjoxMjAwMDAwMDAwMDAwfX0="
        }
      ]
    },
    {
      "mode": "managed",
      "type": "google_project_service",
      "name": "cloud_tasks_api",
      "provider": "provider[\"registry.terraform.io/hashicorp/google\"]",
      "instances": [
        {
          "schema_version": 0,
          "attributes": {
            "disable_dependent_services": true,
            "disable_on_destroy": true,
            "id": "solid-study-357016/cloudtasks.googleapis.com",
            "project": "solid-study-357016",
            "service": "cloudtasks.googleapis.com",
            "timeouts": null
          },
          "sensitive_attributes": [],
          "private": "eyJlMmJmYjczMC1lY2FhLTExZTYtOGY4OC0zNDM2M2JjN2M0YzAiOnsiY3JlYXRlIjoxMjAwMDAwMDAwMDAwLCJkZWxldGUiOjEyMDAwMDAwMDAwMDAsInJlYWQiOjYwMDAwMDAwMDAwMCwidXBkYXRlIjoxMjAwMDAwMDAwMDAwfX0=",
          "dependencies": [
            "google_project_service.cloud_manager_api"
          ]
        }
      ]
    },
    {
      "mode": "managed",
      "type": "google_project_service",
      "name": "compute_engine_api",
      "provider": "provider[\"registry.terraform.io/hashicorp/google\"]",
      "instances": [
        {
          "schema_version": 0,
          "attributes": {
            "disable_dependent_services": true,
            "disable_on_destroy": true,
            "id": "solid-study-357016/compute.googleapis.com",
            "project": "solid-study-357016",
            "service": "compute.googleapis.com",
            "timeouts": null
          },
          "sensitive_attributes": [],
          "private": "eyJlMmJmYjczMC1lY2FhLTExZTYtOGY4OC0zNDM2M2JjN2M0YzAiOnsiY3JlYXRlIjoxMjAwMDAwMDAwMDAwLCJkZWxldGUiOjEyMDAwMDAwMDAwMDAsInJlYWQiOjYwMDAwMDAwMDAwMCwidXBkYXRlIjoxMjAwMDAwMDAwMDAwfX0=",
          "dependencies": [
            "google_project_service.cloud_manager_api"
          ]
        }
      ]
    },
    {
      "mode": "managed",
      "type": "google_project_service",
      "name": "workflows",
      "provider": "provider[\"registry.terraform.io/hashicorp/google\"]",
      "instances": [
        {
          "schema_version": 0,
          "attributes": {
            "disable_dependent_services": true,
            "disable_on_destroy": true,
            "id": "solid-study-357016/workflows.googleapis.com",
            "project": "solid-study-357016",
            "service": "workflows.googleapis.com",
            "timeouts": null
          },
          "sensitive_attributes": [],
          "private": "eyJlMmJmYjczMC1lY2FhLTExZTYtOGY4OC0zNDM2M2JjN2M0YzAiOnsiY3JlYXRlIjoxMjAwMDAwMDAwMDAwLCJkZWxldGUiOjEyMDAwMDAwMDAwMDAsInJlYWQiOjYwMDAwMDAwMDAwMCwidXBkYXRlIjoxMjAwMDAwMDAwMDAwfX0=",
          "dependencies": [
            "google_project_service.cloud_manager_api"
          ]
        }
      ]
    }
  ]
}
